// !$*UTF8*$!
{
	archiveVersion = 1;
	classes = {
	};
	objectVersion = 56;
	objects = {

/* Begin PBXBuildFile section */
		C8F078722BCAD3B2004F2612 /* fanios2a2App.swift in Sources */ = {isa = PBXBuildFile; fileRef = C8F078712BCAD3B2004F2612 /* fanios2a2App.swift */; };
		C8F078742BCAD3B2004F2612 /* MainView.swift in Sources */ = {isa = PBXBuildFile; fileRef = C8F078732BCAD3B2004F2612 /* MainView.swift */; };
		C8F078762BCAD3B3004F2612 /* Assets.xcassets in Resources */ = {isa = PBXBuildFile; fileRef = C8F078752BCAD3B3004F2612 /* Assets.xcassets */; };
		C8F078792BCAD3B3004F2612 /* Preview Assets.xcassets in Resources */ = {isa = PBXBuildFile; fileRef = C8F078782BCAD3B3004F2612 /* Preview Assets.xcassets */; };
		C8F078812BCAD6EA004F2612 /* EmployeeList.swift in Sources */ = {isa = PBXBuildFile; fileRef = C8F078802BCAD6EA004F2612 /* EmployeeList.swift */; };
		C8F078832BCAD6F6004F2612 /* EmployeeDetails.swift in Sources */ = {isa = PBXBuildFile; fileRef = C8F078822BCAD6F6004F2612 /* EmployeeDetails.swift */; };
		C8F078862BCAD747004F2612 /* Employee.swift in Sources */ = {isa = PBXBuildFile; fileRef = C8F078852BCAD747004F2612 /* Employee.swift */; };
		C8F078892BCAD8DC004F2612 /* EmployeeService.swift in Sources */ = {isa = PBXBuildFile; fileRef = C8F078882BCAD8DC004F2612 /* EmployeeService.swift */; };
		C8F0788B2BCAD900004F2612 /* EmployeeViewModel.swift in Sources */ = {isa = PBXBuildFile; fileRef = C8F0788A2BCAD900004F2612 /* EmployeeViewModel.swift */; };
		C8F0788E2BCAD932004F2612 /* NetworkManager.swift in Sources */ = {isa = PBXBuildFile; fileRef = C8F0788D2BCAD932004F2612 /* NetworkManager.swift */; };
		C8F078902BCAD952004F2612 /* ErrorResponse.swift in Sources */ = {isa = PBXBuildFile; fileRef = C8F0788F2BCAD952004F2612 /* ErrorResponse.swift */; };
		C8F078942BCAD9A0004F2612 /* NetworkingProtocol.swift in Sources */ = {isa = PBXBuildFile; fileRef = C8F078932BCAD9A0004F2612 /* NetworkingProtocol.swift */; };
		C8F078972BCAD9D1004F2612 /* NetworkError.swift in Sources */ = {isa = PBXBuildFile; fileRef = C8F078962BCAD9D1004F2612 /* NetworkError.swift */; };
		C8F078992BCADADC004F2612 /* ServiceError.swift in Sources */ = {isa = PBXBuildFile; fileRef = C8F078982BCADADC004F2612 /* ServiceError.swift */; };
		C8F0789C2BCADB06004F2612 /* API.swift in Sources */ = {isa = PBXBuildFile; fileRef = C8F0789B2BCADB06004F2612 /* API.swift */; };
		C8F078A02BCAE423004F2612 /* Settings.swift in Sources */ = {isa = PBXBuildFile; fileRef = C8F0789F2BCAE423004F2612 /* Settings.swift */; };
		C8F078A32BCAEA56004F2612 /* EmployeeListRow.swift in Sources */ = {isa = PBXBuildFile; fileRef = C8F078A22BCAEA56004F2612 /* EmployeeListRow.swift */; };
		C8F078A52BCAEBA7004F2612 /* EmployeeType.swift in Sources */ = {isa = PBXBuildFile; fileRef = C8F078A42BCAEBA7004F2612 /* EmployeeType.swift */; };
		C8F078A72BCAECE9004F2612 /* EmployeeServiceProtocol.swift in Sources */ = {isa = PBXBuildFile; fileRef = C8F078A62BCAECE9004F2612 /* EmployeeServiceProtocol.swift */; };
		C8F078B12BCB2210004F2612 /* OnBoardingView.swift in Sources */ = {isa = PBXBuildFile; fileRef = C8F078B02BCB2210004F2612 /* OnBoardingView.swift */; };
		C8F078B32BCB2EB4004F2612 /* EmployeeHeader.swift in Sources */ = {isa = PBXBuildFile; fileRef = C8F078B22BCB2EB4004F2612 /* EmployeeHeader.swift */; };
		C8F078B72BCB3868004F2612 /* Stretchy.swift in Sources */ = {isa = PBXBuildFile; fileRef = C8F078B62BCB3868004F2612 /* Stretchy.swift */; };
		C8F078B92BCB39E5004F2612 /* Extensions.swift in Sources */ = {isa = PBXBuildFile; fileRef = C8F078B82BCB39E5004F2612 /* Extensions.swift */; };
		C8F078BD2BCB477C004F2612 /* EmployeeCacheManager.swift in Sources */ = {isa = PBXBuildFile; fileRef = C8F078BC2BCB477C004F2612 /* EmployeeCacheManager.swift */; };
		C8F078C12BCB51DD004F2612 /* LoaderView.swift in Sources */ = {isa = PBXBuildFile; fileRef = C8F078C02BCB51DD004F2612 /* LoaderView.swift */; };
		C8F078C52BCB602F004F2612 /* EmployeeCacheImage.swift in Sources */ = {isa = PBXBuildFile; fileRef = C8F078C42BCB602F004F2612 /* EmployeeCacheImage.swift */; };
		C8F078C72BCB611A004F2612 /* ErrorView.swift in Sources */ = {isa = PBXBuildFile; fileRef = C8F078C62BCB611A004F2612 /* ErrorView.swift */; };
		C8F078C92BCB6A08004F2612 /* CacheAsyncImage.swift in Sources */ = {isa = PBXBuildFile; fileRef = C8F078C82BCB6A08004F2612 /* CacheAsyncImage.swift */; };
		C8F078CB2BCB6F6F004F2612 /* SettingsViewModel.swift in Sources */ = {isa = PBXBuildFile; fileRef = C8F078CA2BCB6F6F004F2612 /* SettingsViewModel.swift */; };
		C8F078CD2BCB7730004F2612 /* OnBoardingViewModel.swift in Sources */ = {isa = PBXBuildFile; fileRef = C8F078CC2BCB7730004F2612 /* OnBoardingViewModel.swift */; };
/* End PBXBuildFile section */

/* Begin PBXFileReference section */
		C8F0786E2BCAD3B2004F2612 /* fanios2a2.app */ = {isa = PBXFileReference; explicitFileType = wrapper.application; includeInIndex = 0; path = fanios2a2.app; sourceTree = BUILT_PRODUCTS_DIR; };
		C8F078712BCAD3B2004F2612 /* fanios2a2App.swift */ = {isa = PBXFileReference; lastKnownFileType = sourcecode.swift; path = fanios2a2App.swift; sourceTree = "<group>"; };
		C8F078732BCAD3B2004F2612 /* MainView.swift */ = {isa = PBXFileReference; lastKnownFileType = sourcecode.swift; path = MainView.swift; sourceTree = "<group>"; };
		C8F078752BCAD3B3004F2612 /* Assets.xcassets */ = {isa = PBXFileReference; lastKnownFileType = folder.assetcatalog; path = Assets.xcassets; sourceTree = "<group>"; };
		C8F078782BCAD3B3004F2612 /* Preview Assets.xcassets */ = {isa = PBXFileReference; lastKnownFileType = folder.assetcatalog; path = "Preview Assets.xcassets"; sourceTree = "<group>"; };
		C8F078802BCAD6EA004F2612 /* EmployeeList.swift */ = {isa = PBXFileReference; lastKnownFileType = sourcecode.swift; path = EmployeeList.swift; sourceTree = "<group>"; };
		C8F078822BCAD6F6004F2612 /* EmployeeDetails.swift */ = {isa = PBXFileReference; lastKnownFileType = sourcecode.swift; path = EmployeeDetails.swift; sourceTree = "<group>"; };
		C8F078852BCAD747004F2612 /* Employee.swift */ = {isa = PBXFileReference; lastKnownFileType = sourcecode.swift; path = Employee.swift; sourceTree = "<group>"; };
		C8F078882BCAD8DC004F2612 /* EmployeeService.swift */ = {isa = PBXFileReference; lastKnownFileType = sourcecode.swift; path = EmployeeService.swift; sourceTree = "<group>"; };
		C8F0788A2BCAD900004F2612 /* EmployeeViewModel.swift */ = {isa = PBXFileReference; lastKnownFileType = sourcecode.swift; path = EmployeeViewModel.swift; sourceTree = "<group>"; };
		C8F0788D2BCAD932004F2612 /* NetworkManager.swift */ = {isa = PBXFileReference; lastKnownFileType = sourcecode.swift; path = NetworkManager.swift; sourceTree = "<group>"; };
		C8F0788F2BCAD952004F2612 /* ErrorResponse.swift */ = {isa = PBXFileReference; lastKnownFileType = sourcecode.swift; path = ErrorResponse.swift; sourceTree = "<group>"; };
		C8F078932BCAD9A0004F2612 /* NetworkingProtocol.swift */ = {isa = PBXFileReference; lastKnownFileType = sourcecode.swift; path = NetworkingProtocol.swift; sourceTree = "<group>"; };
		C8F078962BCAD9D1004F2612 /* NetworkError.swift */ = {isa = PBXFileReference; lastKnownFileType = sourcecode.swift; path = NetworkError.swift; sourceTree = "<group>"; };
		C8F078982BCADADC004F2612 /* ServiceError.swift */ = {isa = PBXFileReference; lastKnownFileType = sourcecode.swift; path = ServiceError.swift; sourceTree = "<group>"; };
		C8F0789B2BCADB06004F2612 /* API.swift */ = {isa = PBXFileReference; lastKnownFileType = sourcecode.swift; path = API.swift; sourceTree = "<group>"; };
		C8F0789F2BCAE423004F2612 /* Settings.swift */ = {isa = PBXFileReference; lastKnownFileType = sourcecode.swift; path = Settings.swift; sourceTree = "<group>"; };
		C8F078A22BCAEA56004F2612 /* EmployeeListRow.swift */ = {isa = PBXFileReference; lastKnownFileType = sourcecode.swift; path = EmployeeListRow.swift; sourceTree = "<group>"; };
		C8F078A42BCAEBA7004F2612 /* EmployeeType.swift */ = {isa = PBXFileReference; lastKnownFileType = sourcecode.swift; path = EmployeeType.swift; sourceTree = "<group>"; };
		C8F078A62BCAECE9004F2612 /* EmployeeServiceProtocol.swift */ = {isa = PBXFileReference; lastKnownFileType = sourcecode.swift; path = EmployeeServiceProtocol.swift; sourceTree = "<group>"; };
		C8F078B02BCB2210004F2612 /* OnBoardingView.swift */ = {isa = PBXFileReference; lastKnownFileType = sourcecode.swift; path = OnBoardingView.swift; sourceTree = "<group>"; };
		C8F078B22BCB2EB4004F2612 /* EmployeeHeader.swift */ = {isa = PBXFileReference; lastKnownFileType = sourcecode.swift; path = EmployeeHeader.swift; sourceTree = "<group>"; };
		C8F078B62BCB3868004F2612 /* Stretchy.swift */ = {isa = PBXFileReference; lastKnownFileType = sourcecode.swift; path = Stretchy.swift; sourceTree = "<group>"; };
		C8F078B82BCB39E5004F2612 /* Extensions.swift */ = {isa = PBXFileReference; lastKnownFileType = sourcecode.swift; path = Extensions.swift; sourceTree = "<group>"; };
		C8F078BC2BCB477C004F2612 /* EmployeeCacheManager.swift */ = {isa = PBXFileReference; lastKnownFileType = sourcecode.swift; path = EmployeeCacheManager.swift; sourceTree = "<group>"; };
		C8F078C02BCB51DD004F2612 /* LoaderView.swift */ = {isa = PBXFileReference; lastKnownFileType = sourcecode.swift; path = LoaderView.swift; sourceTree = "<group>"; };
		C8F078C42BCB602F004F2612 /* EmployeeCacheImage.swift */ = {isa = PBXFileReference; lastKnownFileType = sourcecode.swift; path = EmployeeCacheImage.swift; sourceTree = "<group>"; };
		C8F078C62BCB611A004F2612 /* ErrorView.swift */ = {isa = PBXFileReference; lastKnownFileType = sourcecode.swift; path = ErrorView.swift; sourceTree = "<group>"; };
		C8F078C82BCB6A08004F2612 /* CacheAsyncImage.swift */ = {isa = PBXFileReference; lastKnownFileType = sourcecode.swift; path = CacheAsyncImage.swift; sourceTree = "<group>"; };
		C8F078CA2BCB6F6F004F2612 /* SettingsViewModel.swift */ = {isa = PBXFileReference; lastKnownFileType = sourcecode.swift; path = SettingsViewModel.swift; sourceTree = "<group>"; };
		C8F078CC2BCB7730004F2612 /* OnBoardingViewModel.swift */ = {isa = PBXFileReference; lastKnownFileType = sourcecode.swift; path = OnBoardingViewModel.swift; sourceTree = "<group>"; };
/* End PBXFileReference section */

/* Begin PBXFrameworksBuildPhase section */
		C8F0786B2BCAD3B2004F2612 /* Frameworks */ = {
			isa = PBXFrameworksBuildPhase;
			buildActionMask = 2147483647;
			files = (
			);
			runOnlyForDeploymentPostprocessing = 0;
		};
/* End PBXFrameworksBuildPhase section */

/* Begin PBXGroup section */
		C8F078652BCAD3B2004F2612 = {
			isa = PBXGroup;
			children = (
				C8F078702BCAD3B2004F2612 /* fanios2a2 */,
				C8F0786F2BCAD3B2004F2612 /* Products */,
			);
			sourceTree = "<group>";
		};
		C8F0786F2BCAD3B2004F2612 /* Products */ = {
			isa = PBXGroup;
			children = (
				C8F0786E2BCAD3B2004F2612 /* fanios2a2.app */,
			);
			name = Products;
			sourceTree = "<group>";
		};
		C8F078702BCAD3B2004F2612 /* fanios2a2 */ = {
			isa = PBXGroup;
			children = (
				C8F078A12BCAE6E4004F2612 /* Components */,
				C8F0789E2BCAE412004F2612 /* Screens */,
				C8F078912BCAD982004F2612 /* Common */,
				C8F078872BCAD8C7004F2612 /* DataSource */,
				C8F078842BCAD6FD004F2612 /* Models */,
				C8F078712BCAD3B2004F2612 /* fanios2a2App.swift */,
				C8F078732BCAD3B2004F2612 /* MainView.swift */,
				C8F078752BCAD3B3004F2612 /* Assets.xcassets */,
				C8F078772BCAD3B3004F2612 /* Preview Content */,
			);
			path = fanios2a2;
			sourceTree = "<group>";
		};
		C8F078772BCAD3B3004F2612 /* Preview Content */ = {
			isa = PBXGroup;
			children = (
				C8F078782BCAD3B3004F2612 /* Preview Assets.xcassets */,
			);
			path = "Preview Content";
			sourceTree = "<group>";
		};
		C8F0787F2BCAD636004F2612 /* Employees */ = {
			isa = PBXGroup;
			children = (
				C8F078802BCAD6EA004F2612 /* EmployeeList.swift */,
				C8F0788A2BCAD900004F2612 /* EmployeeViewModel.swift */,
			);
			path = Employees;
			sourceTree = "<group>";
		};
		C8F078842BCAD6FD004F2612 /* Models */ = {
			isa = PBXGroup;
			children = (
				C8F078852BCAD747004F2612 /* Employee.swift */,
				C8F078A42BCAEBA7004F2612 /* EmployeeType.swift */,
			);
			path = Models;
			sourceTree = "<group>";
		};
		C8F078872BCAD8C7004F2612 /* DataSource */ = {
			isa = PBXGroup;
			children = (
				C8F078882BCAD8DC004F2612 /* EmployeeService.swift */,
				C8F0788D2BCAD932004F2612 /* NetworkManager.swift */,
				C8F0788F2BCAD952004F2612 /* ErrorResponse.swift */,
				C8F078BC2BCB477C004F2612 /* EmployeeCacheManager.swift */,
			);
			path = DataSource;
			sourceTree = "<group>";
		};
		C8F078912BCAD982004F2612 /* Common */ = {
			isa = PBXGroup;
			children = (
				C8F0789A2BCADAEF004F2612 /* Constants */,
				C8F078952BCAD9C5004F2612 /* Utils */,
				C8F078922BCAD98C004F2612 /* Protocols */,
			);
			path = Common;
			sourceTree = "<group>";
		};
		C8F078922BCAD98C004F2612 /* Protocols */ = {
			isa = PBXGroup;
			children = (
				C8F078932BCAD9A0004F2612 /* NetworkingProtocol.swift */,
				C8F078A62BCAECE9004F2612 /* EmployeeServiceProtocol.swift */,
			);
			path = Protocols;
			sourceTree = "<group>";
		};
		C8F078952BCAD9C5004F2612 /* Utils */ = {
			isa = PBXGroup;
			children = (
				C8F078962BCAD9D1004F2612 /* NetworkError.swift */,
				C8F078982BCADADC004F2612 /* ServiceError.swift */,
				C8F078B62BCB3868004F2612 /* Stretchy.swift */,
				C8F078B82BCB39E5004F2612 /* Extensions.swift */,
			);
			path = Utils;
			sourceTree = "<group>";
		};
		C8F0789A2BCADAEF004F2612 /* Constants */ = {
			isa = PBXGroup;
			children = (
				C8F0789B2BCADB06004F2612 /* API.swift */,
			);
			path = Constants;
			sourceTree = "<group>";
		};
		C8F0789E2BCAE412004F2612 /* Screens */ = {
			isa = PBXGroup;
			children = (
				C8F078D02BCB779E004F2612 /* EmployeeDetails */,
				C8F078CF2BCB778E004F2612 /* Settings */,
				C8F078CE2BCB7780004F2612 /* OnBoarding */,
				C8F0787F2BCAD636004F2612 /* Employees */,
			);
			path = Screens;
			sourceTree = "<group>";
		};
		C8F078A12BCAE6E4004F2612 /* Components */ = {
			isa = PBXGroup;
			children = (
				C8F078A22BCAEA56004F2612 /* EmployeeListRow.swift */,
				C8F078B22BCB2EB4004F2612 /* EmployeeHeader.swift */,
				C8F078C02BCB51DD004F2612 /* LoaderView.swift */,
				C8F078C42BCB602F004F2612 /* EmployeeCacheImage.swift */,
				C8F078C82BCB6A08004F2612 /* CacheAsyncImage.swift */,
				C8F078C62BCB611A004F2612 /* ErrorView.swift */,
			);
			path = Components;
			sourceTree = "<group>";
		};
		C8F078CE2BCB7780004F2612 /* OnBoarding */ = {
			isa = PBXGroup;
			children = (
				C8F078B02BCB2210004F2612 /* OnBoardingView.swift */,
				C8F078CC2BCB7730004F2612 /* OnBoardingViewModel.swift */,
			);
			path = OnBoarding;
			sourceTree = "<group>";
		};
		C8F078CF2BCB778E004F2612 /* Settings */ = {
			isa = PBXGroup;
			children = (
				C8F0789F2BCAE423004F2612 /* Settings.swift */,
				C8F078CA2BCB6F6F004F2612 /* SettingsViewModel.swift */,
			);
			path = Settings;
			sourceTree = "<group>";
		};
		C8F078D02BCB779E004F2612 /* EmployeeDetails */ = {
			isa = PBXGroup;
			children = (
				C8F078822BCAD6F6004F2612 /* EmployeeDetails.swift */,
			);
			path = EmployeeDetails;
			sourceTree = "<group>";
		};
/* End PBXGroup section */

/* Begin PBXNativeTarget section */
		C8F0786D2BCAD3B2004F2612 /* fanios2a2 */ = {
			isa = PBXNativeTarget;
			buildConfigurationList = C8F0787C2BCAD3B3004F2612 /* Build configuration list for PBXNativeTarget "fanios2a2" */;
			buildPhases = (
				C8F0786A2BCAD3B2004F2612 /* Sources */,
				C8F0786B2BCAD3B2004F2612 /* Frameworks */,
				C8F0786C2BCAD3B2004F2612 /* Resources */,
			);
			buildRules = (
			);
			dependencies = (
			);
			name = fanios2a2;
			productName = fanios2a2;
			productReference = C8F0786E2BCAD3B2004F2612 /* fanios2a2.app */;
			productType = "com.apple.product-type.application";
		};
/* End PBXNativeTarget section */

/* Begin PBXProject section */
		C8F078662BCAD3B2004F2612 /* Project object */ = {
			isa = PBXProject;
			attributes = {
				BuildIndependentTargetsInParallel = 1;
				LastSwiftUpdateCheck = 1530;
				LastUpgradeCheck = 1530;
				TargetAttributes = {
					C8F0786D2BCAD3B2004F2612 = {
						CreatedOnToolsVersion = 15.3;
					};
				};
			};
			buildConfigurationList = C8F078692BCAD3B2004F2612 /* Build configuration list for PBXProject "fanios2a2" */;
			compatibilityVersion = "Xcode 14.0";
			developmentRegion = en;
			hasScannedForEncodings = 0;
			knownRegions = (
				en,
				Base,
			);
			mainGroup = C8F078652BCAD3B2004F2612;
			productRefGroup = C8F0786F2BCAD3B2004F2612 /* Products */;
			projectDirPath = "";
			projectRoot = "";
			targets = (
				C8F0786D2BCAD3B2004F2612 /* fanios2a2 */,
			);
		};
/* End PBXProject section */

/* Begin PBXResourcesBuildPhase section */
		C8F0786C2BCAD3B2004F2612 /* Resources */ = {
			isa = PBXResourcesBuildPhase;
			buildActionMask = 2147483647;
			files = (
				C8F078792BCAD3B3004F2612 /* Preview Assets.xcassets in Resources */,
				C8F078762BCAD3B3004F2612 /* Assets.xcassets in Resources */,
			);
			runOnlyForDeploymentPostprocessing = 0;
		};
/* End PBXResourcesBuildPhase section */

/* Begin PBXSourcesBuildPhase section */
		C8F0786A2BCAD3B2004F2612 /* Sources */ = {
			isa = PBXSourcesBuildPhase;
			buildActionMask = 2147483647;
			files = (
				C8F078B92BCB39E5004F2612 /* Extensions.swift in Sources */,
				C8F078992BCADADC004F2612 /* ServiceError.swift in Sources */,
				C8F078812BCAD6EA004F2612 /* EmployeeList.swift in Sources */,
				C8F078A72BCAECE9004F2612 /* EmployeeServiceProtocol.swift in Sources */,
				C8F078892BCAD8DC004F2612 /* EmployeeService.swift in Sources */,
				C8F078C12BCB51DD004F2612 /* LoaderView.swift in Sources */,
				C8F0788B2BCAD900004F2612 /* EmployeeViewModel.swift in Sources */,
				C8F078C92BCB6A08004F2612 /* CacheAsyncImage.swift in Sources */,
				C8F078A02BCAE423004F2612 /* Settings.swift in Sources */,
				C8F078A32BCAEA56004F2612 /* EmployeeListRow.swift in Sources */,
				C8F078B72BCB3868004F2612 /* Stretchy.swift in Sources */,
				C8F078942BCAD9A0004F2612 /* NetworkingProtocol.swift in Sources */,
				C8F078C72BCB611A004F2612 /* ErrorView.swift in Sources */,
				C8F078C52BCB602F004F2612 /* EmployeeCacheImage.swift in Sources */,
				C8F078742BCAD3B2004F2612 /* MainView.swift in Sources */,
				C8F0788E2BCAD932004F2612 /* NetworkManager.swift in Sources */,
				C8F078832BCAD6F6004F2612 /* EmployeeDetails.swift in Sources */,
				C8F078B12BCB2210004F2612 /* OnBoardingView.swift in Sources */,
				C8F0789C2BCADB06004F2612 /* API.swift in Sources */,
				C8F078902BCAD952004F2612 /* ErrorResponse.swift in Sources */,
				C8F078862BCAD747004F2612 /* Employee.swift in Sources */,
				C8F078B32BCB2EB4004F2612 /* EmployeeHeader.swift in Sources */,
				C8F078BD2BCB477C004F2612 /* EmployeeCacheManager.swift in Sources */,
				C8F078CD2BCB7730004F2612 /* OnBoardingViewModel.swift in Sources */,
				C8F078972BCAD9D1004F2612 /* NetworkError.swift in Sources */,
				C8F078722BCAD3B2004F2612 /* fanios2a2App.swift in Sources */,
				C8F078A52BCAEBA7004F2612 /* EmployeeType.swift in Sources */,
				C8F078CB2BCB6F6F004F2612 /* SettingsViewModel.swift in Sources */,
			);
			runOnlyForDeploymentPostprocessing = 0;
		};
/* End PBXSourcesBuildPhase section */

/* Begin XCBuildConfiguration section */
		C8F0787A2BCAD3B3004F2612 /* Debug */ = {
			isa = XCBuildConfiguration;
			buildSettings = {
				ALWAYS_SEARCH_USER_PATHS = NO;
				ASSETCATALOG_COMPILER_GENERATE_SWIFT_ASSET_SYMBOL_EXTENSIONS = YES;
				CLANG_ANALYZER_NONNULL = YES;
				CLANG_ANALYZER_NUMBER_OBJECT_CONVERSION = YES_AGGRESSIVE;
				CLANG_CXX_LANGUAGE_STANDARD = "gnu++20";
				CLANG_ENABLE_MODULES = YES;
				CLANG_ENABLE_OBJC_ARC = YES;
				CLANG_ENABLE_OBJC_WEAK = YES;
				CLANG_WARN_BLOCK_CAPTURE_AUTORELEASING = YES;
				CLANG_WARN_BOOL_CONVERSION = YES;
				CLANG_WARN_COMMA = YES;
				CLANG_WARN_CONSTANT_CONVERSION = YES;
				CLANG_WARN_DEPRECATED_OBJC_IMPLEMENTATIONS = YES;
				CLANG_WARN_DIRECT_OBJC_ISA_USAGE = YES_ERROR;
				CLANG_WARN_DOCUMENTATION_COMMENTS = YES;
				CLANG_WARN_EMPTY_BODY = YES;
				CLANG_WARN_ENUM_CONVERSION = YES;
				CLANG_WARN_INFINITE_RECURSION = YES;
				CLANG_WARN_INT_CONVERSION = YES;
				CLANG_WARN_NON_LITERAL_NULL_CONVERSION = YES;
				CLANG_WARN_OBJC_IMPLICIT_RETAIN_SELF = YES;
				CLANG_WARN_OBJC_LITERAL_CONVERSION = YES;
				CLANG_WARN_OBJC_ROOT_CLASS = YES_ERROR;
				CLANG_WARN_QUOTED_INCLUDE_IN_FRAMEWORK_HEADER = YES;
				CLANG_WARN_RANGE_LOOP_ANALYSIS = YES;
				CLANG_WARN_STRICT_PROTOTYPES = YES;
				CLANG_WARN_SUSPICIOUS_MOVE = YES;
				CLANG_WARN_UNGUARDED_AVAILABILITY = YES_AGGRESSIVE;
				CLANG_WARN_UNREACHABLE_CODE = YES;
				CLANG_WARN__DUPLICATE_METHOD_MATCH = YES;
				COPY_PHASE_STRIP = NO;
				DEBUG_INFORMATION_FORMAT = dwarf;
				ENABLE_STRICT_OBJC_MSGSEND = YES;
				ENABLE_TESTABILITY = YES;
				ENABLE_USER_SCRIPT_SANDBOXING = YES;
				GCC_C_LANGUAGE_STANDARD = gnu17;
				GCC_DYNAMIC_NO_PIC = NO;
				GCC_NO_COMMON_BLOCKS = YES;
				GCC_OPTIMIZATION_LEVEL = 0;
				GCC_PREPROCESSOR_DEFINITIONS = (
					"DEBUG=1",
					"$(inherited)",
				);
				GCC_WARN_64_TO_32_BIT_CONVERSION = YES;
				GCC_WARN_ABOUT_RETURN_TYPE = YES_ERROR;
				GCC_WARN_UNDECLARED_SELECTOR = YES;
				GCC_WARN_UNINITIALIZED_AUTOS = YES_AGGRESSIVE;
				GCC_WARN_UNUSED_FUNCTION = YES;
				GCC_WARN_UNUSED_VARIABLE = YES;
				IPHONEOS_DEPLOYMENT_TARGET = 17.4;
				LOCALIZATION_PREFERS_STRING_CATALOGS = YES;
				MTL_ENABLE_DEBUG_INFO = INCLUDE_SOURCE;
				MTL_FAST_MATH = YES;
				ONLY_ACTIVE_ARCH = YES;
				SDKROOT = iphoneos;
				SWIFT_ACTIVE_COMPILATION_CONDITIONS = "DEBUG $(inherited)";
				SWIFT_OPTIMIZATION_LEVEL = "-Onone";
			};
			name = Debug;
		};
		C8F0787B2BCAD3B3004F2612 /* Release */ = {
			isa = XCBuildConfiguration;
			buildSettings = {
				ALWAYS_SEARCH_USER_PATHS = NO;
				ASSETCATALOG_COMPILER_GENERATE_SWIFT_ASSET_SYMBOL_EXTENSIONS = YES;
				CLANG_ANALYZER_NONNULL = YES;
				CLANG_ANALYZER_NUMBER_OBJECT_CONVERSION = YES_AGGRESSIVE;
				CLANG_CXX_LANGUAGE_STANDARD = "gnu++20";
				CLANG_ENABLE_MODULES = YES;
				CLANG_ENABLE_OBJC_ARC = YES;
				CLANG_ENABLE_OBJC_WEAK = YES;
				CLANG_WARN_BLOCK_CAPTURE_AUTORELEASING = YES;
				CLANG_WARN_BOOL_CONVERSION = YES;
				CLANG_WARN_COMMA = YES;
				CLANG_WARN_CONSTANT_CONVERSION = YES;
				CLANG_WARN_DEPRECATED_OBJC_IMPLEMENTATIONS = YES;
				CLANG_WARN_DIRECT_OBJC_ISA_USAGE = YES_ERROR;
				CLANG_WARN_DOCUMENTATION_COMMENTS = YES;
				CLANG_WARN_EMPTY_BODY = YES;
				CLANG_WARN_ENUM_CONVERSION = YES;
				CLANG_WARN_INFINITE_RECURSION = YES;
				CLANG_WARN_INT_CONVERSION = YES;
				CLANG_WARN_NON_LITERAL_NULL_CONVERSION = YES;
				CLANG_WARN_OBJC_IMPLICIT_RETAIN_SELF = YES;
				CLANG_WARN_OBJC_LITERAL_CONVERSION = YES;
				CLANG_WARN_OBJC_ROOT_CLASS = YES_ERROR;
				CLANG_WARN_QUOTED_INCLUDE_IN_FRAMEWORK_HEADER = YES;
				CLANG_WARN_RANGE_LOOP_ANALYSIS = YES;
				CLANG_WARN_STRICT_PROTOTYPES = YES;
				CLANG_WARN_SUSPICIOUS_MOVE = YES;
				CLANG_WARN_UNGUARDED_AVAILABILITY = YES_AGGRESSIVE;
				CLANG_WARN_UNREACHABLE_CODE = YES;
				CLANG_WARN__DUPLICATE_METHOD_MATCH = YES;
				COPY_PHASE_STRIP = NO;
				DEBUG_INFORMATION_FORMAT = "dwarf-with-dsym";
				ENABLE_NS_ASSERTIONS = NO;
				ENABLE_STRICT_OBJC_MSGSEND = YES;
				ENABLE_USER_SCRIPT_SANDBOXING = YES;
				GCC_C_LANGUAGE_STANDARD = gnu17;
				GCC_NO_COMMON_BLOCKS = YES;
				GCC_WARN_64_TO_32_BIT_CONVERSION = YES;
				GCC_WARN_ABOUT_RETURN_TYPE = YES_ERROR;
				GCC_WARN_UNDECLARED_SELECTOR = YES;
				GCC_WARN_UNINITIALIZED_AUTOS = YES_AGGRESSIVE;
				GCC_WARN_UNUSED_FUNCTION = YES;
				GCC_WARN_UNUSED_VARIABLE = YES;
				IPHONEOS_DEPLOYMENT_TARGET = 17.4;
				LOCALIZATION_PREFERS_STRING_CATALOGS = YES;
				MTL_ENABLE_DEBUG_INFO = NO;
				MTL_FAST_MATH = YES;
				SDKROOT = iphoneos;
				SWIFT_COMPILATION_MODE = wholemodule;
				VALIDATE_PRODUCT = YES;
			};
			name = Release;
		};
		C8F0787D2BCAD3B3004F2612 /* Debug */ = {
			isa = XCBuildConfiguration;
			buildSettings = {
				ASSETCATALOG_COMPILER_APPICON_NAME = AppIcon;
				ASSETCATALOG_COMPILER_GLOBAL_ACCENT_COLOR_NAME = AccentColor;
				CODE_SIGN_STYLE = Automatic;
				CURRENT_PROJECT_VERSION = 1;
				DEVELOPMENT_ASSET_PATHS = "\"fanios2a2/Preview Content\"";
				ENABLE_PREVIEWS = YES;
				GENERATE_INFOPLIST_FILE = YES;
				INFOPLIST_KEY_UIApplicationSceneManifest_Generation = YES;
				INFOPLIST_KEY_UIApplicationSupportsIndirectInputEvents = YES;
				INFOPLIST_KEY_UILaunchScreen_Generation = YES;
				INFOPLIST_KEY_UISupportedInterfaceOrientations_iPad = "UIInterfaceOrientationPortrait UIInterfaceOrientationPortraitUpsideDown UIInterfaceOrientationLandscapeLeft UIInterfaceOrientationLandscapeRight";
				INFOPLIST_KEY_UISupportedInterfaceOrientations_iPhone = "UIInterfaceOrientationPortrait UIInterfaceOrientationLandscapeLeft UIInterfaceOrientationLandscapeRight";
				LD_RUNPATH_SEARCH_PATHS = (
					"$(inherited)",
					"@executable_path/Frameworks",
				);
				MARKETING_VERSION = 1.0;
				PRODUCT_BUNDLE_IDENTIFIER = com.lasithaprabodha.fanios2a2;
				PRODUCT_NAME = "$(TARGET_NAME)";
				SWIFT_EMIT_LOC_STRINGS = YES;
				SWIFT_VERSION = 5.0;
				TARGETED_DEVICE_FAMILY = "1,2";
			};
			name = Debug;
		};
		C8F0787E2BCAD3B3004F2612 /* Release */ = {
			isa = XCBuildConfiguration;
			buildSettings = {
				ASSETCATALOG_COMPILER_APPICON_NAME = AppIcon;
				ASSETCATALOG_COMPILER_GLOBAL_ACCENT_COLOR_NAME = AccentColor;
				CODE_SIGN_STYLE = Automatic;
				CURRENT_PROJECT_VERSION = 1;
				DEVELOPMENT_ASSET_PATHS = "\"fanios2a2/Preview Content\"";
				ENABLE_PREVIEWS = YES;
				GENERATE_INFOPLIST_FILE = YES;
				INFOPLIST_KEY_UIApplicationSceneManifest_Generation = YES;
				INFOPLIST_KEY_UIApplicationSupportsIndirectInputEvents = YES;
				INFOPLIST_KEY_UILaunchScreen_Generation = YES;
				INFOPLIST_KEY_UISupportedInterfaceOrientations_iPad = "UIInterfaceOrientationPortrait UIInterfaceOrientationPortraitUpsideDown UIInterfaceOrientationLandscapeLeft UIInterfaceOrientationLandscapeRight";
				INFOPLIST_KEY_UISupportedInterfaceOrientations_iPhone = "UIInterfaceOrientationPortrait UIInterfaceOrientationLandscapeLeft UIInterfaceOrientationLandscapeRight";
				LD_RUNPATH_SEARCH_PATHS = (
					"$(inherited)",
					"@executable_path/Frameworks",
				);
				MARKETING_VERSION = 1.0;
				PRODUCT_BUNDLE_IDENTIFIER = com.lasithaprabodha.fanios2a2;
				PRODUCT_NAME = "$(TARGET_NAME)";
				SWIFT_EMIT_LOC_STRINGS = YES;
				SWIFT_VERSION = 5.0;
				TARGETED_DEVICE_FAMILY = "1,2";
			};
			name = Release;
		};
/* End XCBuildConfiguration section */

/* Begin XCConfigurationList section */
		C8F078692BCAD3B2004F2612 /* Build configuration list for PBXProject "fanios2a2" */ = {
			isa = XCConfigurationList;
			buildConfigurations = (
				C8F0787A2BCAD3B3004F2612 /* Debug */,
				C8F0787B2BCAD3B3004F2612 /* Release */,
			);
			defaultConfigurationIsVisible = 0;
			defaultConfigurationName = Release;
		};
		C8F0787C2BCAD3B3004F2612 /* Build configuration list for PBXNativeTarget "fanios2a2" */ = {
			isa = XCConfigurationList;
			buildConfigurations = (
				C8F0787D2BCAD3B3004F2612 /* Debug */,
				C8F0787E2BCAD3B3004F2612 /* Release */,
			);
			defaultConfigurationIsVisible = 0;
			defaultConfigurationName = Release;
		};
/* End XCConfigurationList section */
	};
	rootObject = C8F078662BCAD3B2004F2612 /* Project object */;
}
